
Microsoft Visual Studio Solution File, Format Version 12.00
# Visual Studio 15
VisualStudioVersion = 15.0.28307.645
MinimumVisualStudioVersion = 10.0.40219.1
Project("{9A19103F-16F7-4668-BE54-9A1E7A4F7556}") = "JBHiFi.ProductManagement.API", "JBHiFi.ProductManagement.API\JBHiFi.ProductManagement.API.csproj", "{00822B38-A6A2-4CBE-828D-0BE2D744C019}"
EndProject
Project("{FAE04EC0-301F-11D3-BF4B-00C04F79EFBC}") = "JBHiFi.ProductManagement.Business", "JBHiFi.ProductManagement.Business\JBHiFi.ProductManagement.Business.csproj", "{570785A0-205F-49BA-9306-10078FDAB1CB}"
EndProject
Project("{9A19103F-16F7-4668-BE54-9A1E7A4F7556}") = "JBHiFi.ProductManagement.Tests", "JBHiFi.ProductManagement.Tests\JBHiFi.ProductManagement.Tests.csproj", "{8CABA7DA-2316-4368-9065-267AF96139F3}"
EndProject
Project("{9A19103F-16F7-4668-BE54-9A1E7A4F7556}") = "JBHiFi.ProductManagement.Infrastructure", "JBHiFi.ProductManagement.Business\JBHiFi.ProductManagement.Infrastructure.csproj", "{DD9207A9-0DEA-46CD-B487-E9DDBD049DAC}"
EndProject
Global
	GlobalSection(SolutionConfigurationPlatforms) = preSolution
		Debug|Any CPU = Debug|Any CPU
		Release|Any CPU = Release|Any CPU
	EndGlobalSection
	GlobalSection(ProjectConfigurationPlatforms) = postSolution
		{00822B38-A6A2-4CBE-828D-0BE2D744C019}.Debug|Any CPU.ActiveCfg = Debug|Any CPU
		{00822B38-A6A2-4CBE-828D-0BE2D744C019}.Debug|Any CPU.Build.0 = Debug|Any CPU
		{00822B38-A6A2-4CBE-828D-0BE2D744C019}.Release|Any CPU.ActiveCfg = Release|Any CPU
		{00822B38-A6A2-4CBE-828D-0BE2D744C019}.Release|Any CPU.Build.0 = Release|Any CPU
		{570785A0-205F-49BA-9306-10078FDAB1CB}.Debug|Any CPU.ActiveCfg = Debug|Any CPU
		{570785A0-205F-49BA-9306-10078FDAB1CB}.Debug|Any CPU.Build.0 = Debug|Any CPU
		{570785A0-205F-49BA-9306-10078FDAB1CB}.Release|Any CPU.ActiveCfg = Release|Any CPU
		{570785A0-205F-49BA-9306-10078FDAB1CB}.Release|Any CPU.Build.0 = Release|Any CPU
		{8CABA7DA-2316-4368-9065-267AF96139F3}.Debug|Any CPU.ActiveCfg = Debug|Any CPU
		{8CABA7DA-2316-4368-9065-267AF96139F3}.Debug|Any CPU.Build.0 = Debug|Any CPU
		{8CABA7DA-2316-4368-9065-267AF96139F3}.Release|Any CPU.ActiveCfg = Release|Any CPU
		{8CABA7DA-2316-4368-9065-267AF96139F3}.Release|Any CPU.Build.0 = Release|Any CPU
		{DD9207A9-0DEA-46CD-B487-E9DDBD049DAC}.Debug|Any CPU.ActiveCfg = Debug|Any CPU
		{DD9207A9-0DEA-46CD-B487-E9DDBD049DAC}.Debug|Any CPU.Build.0 = Debug|Any CPU
		{DD9207A9-0DEA-46CD-B487-E9DDBD049DAC}.Release|Any CPU.ActiveCfg = Release|Any CPU
		{DD9207A9-0DEA-46CD-B487-E9DDBD049DAC}.Release|Any CPU.Build.0 = Release|Any CPU
	EndGlobalSection
	GlobalSection(SolutionProperties) = preSolution
		HideSolutionNode = FALSE
	EndGlobalSection
	GlobalSection(ExtensibilityGlobals) = postSolution
		SolutionGuid = {7991B0EF-2E4F-4A71-B587-46539E1EC392}
	EndGlobalSection
EndGlobal
