
Microsoft Visual Studio Solution File, Format Version 12.00
# Visual Studio 15
VisualStudioVersion = 15.0.28307.645
MinimumVisualStudioVersion = 10.0.40219.1
Project("{FAE04EC0-301F-11D3-BF4B-00C04F79EFBC}") = "JBHiFi.ProductManagement.API", "JBHiFi.ProductManagement.API\JBHiFi.ProductManagement.API.csproj", "{00822B38-A6A2-4CBE-828D-0BE2D744C019}"
EndProject
Global
	GlobalSection(SolutionConfigurationPlatforms) = preSolution
		Debug|Any CPU = Debug|Any CPU
		Release|Any CPU = Release|Any CPU
	EndGlobalSection
	GlobalSection(ProjectConfigurationPlatforms) = postSolution
		{00822B38-A6A2-4CBE-828D-0BE2D744C019}.Debug|Any CPU.ActiveCfg = Debug|Any CPU
		{00822B38-A6A2-4CBE-828D-0BE2D744C019}.Debug|Any CPU.Build.0 = Debug|Any CPU
		{00822B38-A6A2-4CBE-828D-0BE2D744C019}.Release|Any CPU.ActiveCfg = Release|Any CPU
		{00822B38-A6A2-4CBE-828D-0BE2D744C019}.Release|Any CPU.Build.0 = Release|Any CPU
	EndGlobalSection
	GlobalSection(SolutionProperties) = preSolution
		HideSolutionNode = FALSE
	EndGlobalSection
	GlobalSection(ExtensibilityGlobals) = postSolution
		SolutionGuid = {7991B0EF-2E4F-4A71-B587-46539E1EC392}
	EndGlobalSection
EndGlobal
